<?xml version="1.0" encoding="utf-8"?>
<Project ToolsVersion="4.0" xmlns="http://schemas.microsoft.com/developer/msbuild/2003">
  <ItemGroup>
    <Filter Include="Source Files">
      <UniqueIdentifier>{d1c667f9-5f4c-437d-83e4-ee213d08c96b}</UniqueIdentifier>
      <Extensions>cpp;c;cxx;rc;def;r;odl;idl;hpj;bat</Extensions>
    </Filter>
    <Filter Include="Header Files">
      <UniqueIdentifier>{f4fb25c6-1d21-4828-9054-ac3f59982389}</UniqueIdentifier>
      <Extensions>h;hpp;hxx;hm;inl</Extensions>
    </Filter>
    <Filter Include="Resource Files">
      <UniqueIdentifier>{86f3863c-f812-44e1-9442-70e648dc0a69}</UniqueIdentifier>
      <Extensions>ico;cur;bmp;dlg;rc2;rct;bin;rgs;gif;jpg;jpeg;jpe</Extensions>
    </Filter>
  </ItemGroup>
  <ItemGroup>
    <ClCompile Include="art2_client.c">
      <Filter>Source Files</Filter>
    </ClCompile>
    <ClCompile Include="os_if.c">
      <Filter>Source Files</Filter>
    </ClCompile>
    <ClCompile Include="device_msg.c">
      <Filter>Source Files</Filter>
    </ClCompile>
  </ItemGroup>
  <ItemGroup>
    <ClInclude Include="art2_client.h">
      <Filter>Header Files</Filter>
    </ClInclude>
    <ClInclude Include="art2_shared.h">
      <Filter>Header Files</Filter>
    </ClInclude>
    <ClInclude Include="os_if.h">
      <Filter>Header Files</Filter>
    </ClInclude>
    <ClInclude Include="device_msg.h">
      <Filter>Header Files</Filter>
    </ClInclude>
    <ClInclude Include="anwiIoctl.h">
      <Filter>Header Files</Filter>
    </ClInclude>
  </ItemGroup>
</Project>