<?xml version="1.0" encoding="utf-8"?>
<Project ToolsVersion="4.0" xmlns="http://schemas.microsoft.com/developer/msbuild/2003">
  <ItemGroup>
    <Filter Include="Source Files">
      <UniqueIdentifier>{b9768388-e462-450d-8bc6-89206c28df8b}</UniqueIdentifier>
      <Extensions>cpp;c;cxx;rc;def;r;odl;idl;hpj;bat</Extensions>
    </Filter>
    <Filter Include="Header Files">
      <UniqueIdentifier>{7d3874d2-05c5-499d-80af-4203e2cd7206}</UniqueIdentifier>
      <Extensions>h;hpp;hxx;hm;inl</Extensions>
    </Filter>
  </ItemGroup>
  <ItemGroup>
    <ClCompile Include="art2_client.c">
      <Filter>Source Files</Filter>
    </ClCompile>
    <ClCompile Include="device_msg.c">
      <Filter>Source Files</Filter>
    </ClCompile>
    <ClCompile Include="os_if.c">
      <Filter>Source Files</Filter>
    </ClCompile>
  </ItemGroup>
  <ItemGroup>
    <ClInclude Include="anwiIoctl.h">
      <Filter>Header Files</Filter>
    </ClInclude>
    <ClInclude Include="art2_client.h">
      <Filter>Header Files</Filter>
    </ClInclude>
    <ClInclude Include="art2_shared.h">
      <Filter>Header Files</Filter>
    </ClInclude>
    <ClInclude Include="device_msg.h">
      <Filter>Header Files</Filter>
    </ClInclude>
    <ClInclude Include="os_if.h">
      <Filter>Header Files</Filter>
    </ClInclude>
  </ItemGroup>
</Project>